
Microsoft Visual Studio Solution File, Format Version 12.00
# Visual Studio Version 17
VisualStudioVersion = 17.4.33213.308
MinimumVisualStudioVersion = 10.0.40219.1
Project("{FAE04EC0-301F-11D3-BF4B-00C04F79EFBC}") = "Student_StudentAPI", "Student_StudentAPI\Student_StudentAPI.csproj", "{5E6B38BF-A5A1-4108-BA43-71858B016A1F}"
EndProject
Global
	GlobalSection(SolutionConfigurationPlatforms) = preSolution
		Debug|Any CPU = Debug|Any CPU
		Release|Any CPU = Release|Any CPU
	EndGlobalSection
	GlobalSection(ProjectConfigurationPlatforms) = postSolution
		{5E6B38BF-A5A1-4108-BA43-71858B016A1F}.Debug|Any CPU.ActiveCfg = Debug|Any CPU
		{5E6B38BF-A5A1-4108-BA43-71858B016A1F}.Debug|Any CPU.Build.0 = Debug|Any CPU
		{5E6B38BF-A5A1-4108-BA43-71858B016A1F}.Release|Any CPU.ActiveCfg = Release|Any CPU
		{5E6B38BF-A5A1-4108-BA43-71858B016A1F}.Release|Any CPU.Build.0 = Release|Any CPU
	EndGlobalSection
	GlobalSection(SolutionProperties) = preSolution
		HideSolutionNode = FALSE
	EndGlobalSection
	GlobalSection(ExtensibilityGlobals) = postSolution
		SolutionGuid = {8E104ABC-70D8-4C5D-805C-CB3C13E65892}
	EndGlobalSection
EndGlobal
